{
  "requires": true,
  "lockfileVersion": 1,
  "dependencies": {
    "@babel/runtime": {
      "version": "7.21.0",
      "resolved": "https://registry.npmjs.org/@babel/runtime/-/runtime-7.21.0.tgz",
      "integrity": "sha512-xwII0//EObnq89Ji5AKYQaRYiW/nZ3llSv29d49IuxPhKbtJoLP+9QUUZ4nVragQVtaVGeZrpB+ZtG/Pdy/POw==",
      "requires": {
        "regenerator-runtime": "^0.13.11"
      }
    },
    "axios-retry": {
      "version": "3.4.0",
      "resolved": "https://registry.npmjs.org/axios-retry/-/axios-retry-3.4.0.tgz",
      "integrity": "sha512-VdgaP+gHH4iQYCCNUWF2pcqeciVOdGrBBAYUfTY+wPcO5Ltvp/37MLFNCmJKo7Gj3SHvCSdL8ouI1qLYJN3liA==",
      "requires": {
        "@babel/runtime": "^7.15.4",
        "is-retry-allowed": "^2.2.0"
      }
    },
    "is-retry-allowed": {
      "version": "2.2.0",
      "resolved": "https://registry.npmjs.org/is-retry-allowed/-/is-retry-allowed-2.2.0.tgz",
      "integrity": "sha512-XVm7LOeLpTW4jV19QSH38vkswxoLud8sQ57YwJVTPWdiaI9I8keEhGFpBlslyVsgdQy4Opg8QOLb8YRgsyZiQg=="
    },
    "regenerator-runtime": {
      "version": "0.13.11",
      "resolved": "https://registry.npmjs.org/regenerator-runtime/-/regenerator-runtime-0.13.11.tgz",
      "integrity": "sha512-kY1AZVr2Ra+t+piVaJ4gxaFaReZVH40AKNo7UCX6W+dEwBo/2oZJzqfuN1qLq1oL45o56cPaTXELwrTh8Fpggg=="
    },
    "retry-axios": {
      "version": "3.0.0",
      "resolved": "https://registry.npmjs.org/retry-axios/-/retry-axios-3.0.0.tgz",
      "integrity": "sha512-/jRv4nCDytusFZIY+zD6aKP29+wpgnbjfap5B76rqvgROWfONG5Bf7vCXx7grhxJwYGLlumraKZQUMzNgfXNCg=="
    }
  }
}
